{
  "version": 4,
  "terraform_version": "1.8.5",
  "serial": 7,
  "lineage": "50b295bb-d216-d593-9c5e-41daf46de581",
  "outputs": {
    "policy_1_id": {
      "value": "5491247",
      "type": "string"
    },
    "policy_2_id": {
      "value": "5491248",
      "type": "string"
    }
  },
  "resources": [
    {
      "module": "module.policy_1",
      "mode": "managed",
      "type": "newrelic_alert_policy",
      "name": "policies",
      "provider": "module.policy_1.provider[\"registry.terraform.io/newrelic/newrelic\"]",
      "instances": [
        {
          "schema_version": 0,
          "attributes": {
            "account_id": 4438260,
            "channel_ids": null,
            "id": "5491247",
            "incident_preference": "PER_CONDITION",
            "name": "core-web-vitals"
          },
          "sensitive_attributes": [],
          "private": "bnVsbA=="
        }
      ]
    },
    {
      "module": "module.policy_1_conditions",
      "mode": "managed",
      "type": "newrelic_nrql_alert_condition",
      "name": "conditions",
      "provider": "module.policy_1_conditions.provider[\"registry.terraform.io/newrelic/newrelic\"]",
      "instances": [
        {
          "index_key": "cumulative_layout_shift",
          "schema_version": 0,
          "attributes": {
            "account_id": 4438260,
            "aggregation_delay": "120",
            "aggregation_method": "event_flow",
            "aggregation_timer": null,
            "aggregation_window": 60,
            "baseline_direction": null,
            "close_violations_on_expiration": false,
            "critical": [
              {
                "duration": 0,
                "operator": "above",
                "threshold": 1000,
                "threshold_duration": 300,
                "threshold_occurrences": "all",
                "time_function": ""
              }
            ],
            "description": "",
            "enabled": true,
            "entity_guid": "NDQzODI2MHxBSU9QU3xDT05ESVRJT058NDMyOTQwNDE",
            "evaluation_delay": null,
            "expiration_duration": 0,
            "fill_option": "none",
            "fill_value": 0,
            "id": "5491247:43294041",
            "name": "cumulative_layout_shift_alert",
            "nrql": [
              {
                "data_account_id": 0,
                "evaluation_offset": 0,
                "query": "SELECT average(cumulativeLayoutShift) AS 'CLS' FROM PageViewTiming WHERE appName = 'relicstaurants/browser2'",
                "since_value": ""
              }
            ],
            "open_violation_on_expiration": false,
            "policy_id": 5491247,
            "runbook_url": "",
            "slide_by": null,
            "term": [],
            "timeouts": null,
            "type": "static",
            "violation_time_limit": "NON_MATCHABLE_LIMIT_VALUE",
            "violation_time_limit_seconds": 259200,
            "warning": []
          },
          "sensitive_attributes": [],
          "private": "eyJlMmJmYjczMC1lY2FhLTExZTYtOGY4OC0zNDM2M2JjN2M0YzAiOnsiY3JlYXRlIjozMDAwMDAwMDAwMH19",
          "dependencies": [
            "module.policy_1.newrelic_alert_policy.policies"
          ]
        },
        {
          "index_key": "first_input_delay",
          "schema_version": 0,
          "attributes": {
            "account_id": 4438260,
            "aggregation_delay": "120",
            "aggregation_method": "event_flow",
            "aggregation_timer": null,
            "aggregation_window": 60,
            "baseline_direction": null,
            "close_violations_on_expiration": false,
            "critical": [
              {
                "duration": 0,
                "operator": "above",
                "threshold": 200,
                "threshold_duration": 300,
                "threshold_occurrences": "all",
                "time_function": ""
              }
            ],
            "description": "",
            "enabled": true,
            "entity_guid": "NDQzODI2MHxBSU9QU3xDT05ESVRJT058NDMyOTQwNDA",
            "evaluation_delay": null,
            "expiration_duration": 0,
            "fill_option": "none",
            "fill_value": 0,
            "id": "5491247:43294040",
            "name": "first_input_delay_alert",
            "nrql": [
              {
                "data_account_id": 0,
                "evaluation_offset": 0,
                "query": "SELECT average(firstInputDelay) AS 'FID (ms)' FROM PageViewTiming WHERE appName = 'relicstaurants/browser2'",
                "since_value": ""
              }
            ],
            "open_violation_on_expiration": false,
            "policy_id": 5491247,
            "runbook_url": "",
            "slide_by": null,
            "term": [],
            "timeouts": null,
            "type": "static",
            "violation_time_limit": "NON_MATCHABLE_LIMIT_VALUE",
            "violation_time_limit_seconds": 259200,
            "warning": []
          },
          "sensitive_attributes": [],
          "private": "eyJlMmJmYjczMC1lY2FhLTExZTYtOGY4OC0zNDM2M2JjN2M0YzAiOnsiY3JlYXRlIjozMDAwMDAwMDAwMH19",
          "dependencies": [
            "module.policy_1.newrelic_alert_policy.policies"
          ]
        },
        {
          "index_key": "largest_contentful_paint",
          "schema_version": 0,
          "attributes": {
            "account_id": 4438260,
            "aggregation_delay": "120",
            "aggregation_method": "event_flow",
            "aggregation_timer": null,
            "aggregation_window": 60,
            "baseline_direction": null,
            "close_violations_on_expiration": false,
            "critical": [
              {
                "duration": 0,
                "operator": "above",
                "threshold": 4.5,
                "threshold_duration": 300,
                "threshold_occurrences": "all",
                "time_function": ""
              }
            ],
            "description": "",
            "enabled": true,
            "entity_guid": "NDQzODI2MHxBSU9QU3xDT05ESVRJT058NDMyOTQwNDI",
            "evaluation_delay": null,
            "expiration_duration": 0,
            "fill_option": "none",
            "fill_value": 0,
            "id": "5491247:43294042",
            "name": "largest_contentful_paint_alert",
            "nrql": [
              {
                "data_account_id": 0,
                "evaluation_offset": 0,
                "query": "SELECT average(largestContentfulPaint) AS 'LCP (ms)' FROM PageViewTiming WHERE appName = 'relicstaurants/browser2'",
                "since_value": ""
              }
            ],
            "open_violation_on_expiration": false,
            "policy_id": 5491247,
            "runbook_url": "",
            "slide_by": null,
            "term": [],
            "timeouts": null,
            "type": "static",
            "violation_time_limit": "NON_MATCHABLE_LIMIT_VALUE",
            "violation_time_limit_seconds": 259200,
            "warning": []
          },
          "sensitive_attributes": [],
          "private": "eyJlMmJmYjczMC1lY2FhLTExZTYtOGY4OC0zNDM2M2JjN2M0YzAiOnsiY3JlYXRlIjozMDAwMDAwMDAwMH19",
          "dependencies": [
            "module.policy_1.newrelic_alert_policy.policies"
          ]
        }
      ]
    },
    {
      "module": "module.policy_2",
      "mode": "managed",
      "type": "newrelic_alert_policy",
      "name": "policies",
      "provider": "module.policy_2.provider[\"registry.terraform.io/newrelic/newrelic\"]",
      "instances": [
        {
          "schema_version": 0,
          "attributes": {
            "account_id": 4438260,
            "channel_ids": null,
            "id": "5491248",
            "incident_preference": "PER_CONDITION",
            "name": "infrastructure-policy"
          },
          "sensitive_attributes": [],
          "private": "bnVsbA=="
        }
      ]
    },
    {
      "module": "module.policy_2_conditions",
      "mode": "managed",
      "type": "newrelic_nrql_alert_condition",
      "name": "conditions",
      "provider": "module.policy_2_conditions.provider[\"registry.terraform.io/newrelic/newrelic\"]",
      "instances": [
        {
          "index_key": "cpu_alert",
          "schema_version": 0,
          "attributes": {
            "account_id": 4438260,
            "aggregation_delay": "120",
            "aggregation_method": "event_flow",
            "aggregation_timer": null,
            "aggregation_window": 60,
            "baseline_direction": null,
            "close_violations_on_expiration": false,
            "critical": [
              {
                "duration": 0,
                "operator": "above",
                "threshold": 80,
                "threshold_duration": 300,
                "threshold_occurrences": "all",
                "time_function": ""
              }
            ],
            "description": "",
            "enabled": true,
            "entity_guid": "NDQzODI2MHxBSU9QU3xDT05ESVRJT058NDMyOTQwNDM",
            "evaluation_delay": null,
            "expiration_duration": 0,
            "fill_option": "none",
            "fill_value": 0,
            "id": "5491248:43294043",
            "name": "cpu_alert",
            "nrql": [
              {
                "data_account_id": 0,
                "evaluation_offset": 0,
                "query": "SELECT average(cpuPercent) AS '%CPU Used' FROM SystemSample",
                "since_value": ""
              }
            ],
            "open_violation_on_expiration": false,
            "policy_id": 5491248,
            "runbook_url": "",
            "slide_by": null,
            "term": [],
            "timeouts": null,
            "type": "static",
            "violation_time_limit": "NON_MATCHABLE_LIMIT_VALUE",
            "violation_time_limit_seconds": 259200,
            "warning": []
          },
          "sensitive_attributes": [],
          "private": "eyJlMmJmYjczMC1lY2FhLTExZTYtOGY4OC0zNDM2M2JjN2M0YzAiOnsiY3JlYXRlIjozMDAwMDAwMDAwMH19",
          "dependencies": [
            "module.policy_2.newrelic_alert_policy.policies"
          ]
        },
        {
          "index_key": "memory_alert",
          "schema_version": 0,
          "attributes": {
            "account_id": 4438260,
            "aggregation_delay": "120",
            "aggregation_method": "event_flow",
            "aggregation_timer": null,
            "aggregation_window": 60,
            "baseline_direction": null,
            "close_violations_on_expiration": false,
            "critical": [
              {
                "duration": 0,
                "operator": "above",
                "threshold": 90,
                "threshold_duration": 300,
                "threshold_occurrences": "all",
                "time_function": ""
              }
            ],
            "description": "",
            "enabled": true,
            "entity_guid": "NDQzODI2MHxBSU9QU3xDT05ESVRJT058NDMyOTQwMzk",
            "evaluation_delay": null,
            "expiration_duration": 0,
            "fill_option": "none",
            "fill_value": 0,
            "id": "5491248:43294039",
            "name": "memory_alert",
            "nrql": [
              {
                "data_account_id": 0,
                "evaluation_offset": 0,
                "query": "SELECT average(memoryUsedBytes) * 100 / average(memoryTotalBytes) AS '%RAM Used' FROM SystemSample",
                "since_value": ""
              }
            ],
            "open_violation_on_expiration": false,
            "policy_id": 5491248,
            "runbook_url": "",
            "slide_by": null,
            "term": [],
            "timeouts": null,
            "type": "static",
            "violation_time_limit": "NON_MATCHABLE_LIMIT_VALUE",
            "violation_time_limit_seconds": 259200,
            "warning": []
          },
          "sensitive_attributes": [],
          "private": "eyJlMmJmYjczMC1lY2FhLTExZTYtOGY4OC0zNDM2M2JjN2M0YzAiOnsiY3JlYXRlIjozMDAwMDAwMDAwMH19",
          "dependencies": [
            "module.policy_2.newrelic_alert_policy.policies"
          ]
        }
      ]
    }
  ],
  "check_results": null
}
